// !$*UTF8*$!
{
	archiveVersion = 1;
	classes = {
	};
	objectVersion = 55;
	objects = {

/* Begin PBXBuildFile section */
		0414698F2B2AF51600816902 /* AppDelegate.swift in Sources */ = {isa = PBXBuildFile; fileRef = 0414698E2B2AF51600816902 /* AppDelegate.swift */; };
		041469912B2AF51600816902 /* SceneDelegate.swift in Sources */ = {isa = PBXBuildFile; fileRef = 041469902B2AF51600816902 /* SceneDelegate.swift */; };
		041469932B2AF51600816902 /* PlacementsViewController.swift in Sources */ = {isa = PBXBuildFile; fileRef = 041469922B2AF51600816902 /* PlacementsViewController.swift */; };
		041469962B2AF51600816902 /* Main.storyboard in Resources */ = {isa = PBXBuildFile; fileRef = 041469942B2AF51600816902 /* Main.storyboard */; };
		041469982B2AF51900816902 /* Assets.xcassets in Resources */ = {isa = PBXBuildFile; fileRef = 041469972B2AF51900816902 /* Assets.xcassets */; };
		0414699B2B2AF51900816902 /* LaunchScreen.storyboard in Resources */ = {isa = PBXBuildFile; fileRef = 041469992B2AF51900816902 /* LaunchScreen.storyboard */; };
		041469A42B2B092C00816902 /* CourcesCollectionViewCell.swift in Sources */ = {isa = PBXBuildFile; fileRef = 041469A22B2B092C00816902 /* CourcesCollectionViewCell.swift */; };
		041469A52B2B092C00816902 /* CourcesCollectionViewCell.xib in Resources */ = {isa = PBXBuildFile; fileRef = 041469A32B2B092C00816902 /* CourcesCollectionViewCell.xib */; };
		041469A72B2B0FEA00816902 /* Cources.swift in Sources */ = {isa = PBXBuildFile; fileRef = 041469A62B2B0FEA00816902 /* Cources.swift */; };
		04BF45F52B2B22DF00114A3E /* CourcesDetailViewController.swift in Sources */ = {isa = PBXBuildFile; fileRef = 04BF45F42B2B22DF00114A3E /* CourcesDetailViewController.swift */; };
		04BF45F82B2C3C3400114A3E /* PlacementsTableViewCell.swift in Sources */ = {isa = PBXBuildFile; fileRef = 04BF45F62B2C3C3400114A3E /* PlacementsTableViewCell.swift */; };
		04BF45F92B2C3C3400114A3E /* PlacementsTableViewCell.xib in Resources */ = {isa = PBXBuildFile; fileRef = 04BF45F72B2C3C3400114A3E /* PlacementsTableViewCell.xib */; };
/* End PBXBuildFile section */

/* Begin PBXFileReference section */
		0414698B2B2AF51600816902 /* TabbarWithThreeTabs.app */ = {isa = PBXFileReference; explicitFileType = wrapper.application; includeInIndex = 0; path = TabbarWithThreeTabs.app; sourceTree = BUILT_PRODUCTS_DIR; };
		0414698E2B2AF51600816902 /* AppDelegate.swift */ = {isa = PBXFileReference; lastKnownFileType = sourcecode.swift; path = AppDelegate.swift; sourceTree = "<group>"; };
		041469902B2AF51600816902 /* SceneDelegate.swift */ = {isa = PBXFileReference; lastKnownFileType = sourcecode.swift; path = SceneDelegate.swift; sourceTree = "<group>"; };
		041469922B2AF51600816902 /* PlacementsViewController.swift */ = {isa = PBXFileReference; lastKnownFileType = sourcecode.swift; path = PlacementsViewController.swift; sourceTree = "<group>"; };
		041469952B2AF51600816902 /* Base */ = {isa = PBXFileReference; lastKnownFileType = file.storyboard; name = Base; path = Base.lproj/Main.storyboard; sourceTree = "<group>"; };
		041469972B2AF51900816902 /* Assets.xcassets */ = {isa = PBXFileReference; lastKnownFileType = folder.assetcatalog; path = Assets.xcassets; sourceTree = "<group>"; };
		0414699A2B2AF51900816902 /* Base */ = {isa = PBXFileReference; lastKnownFileType = file.storyboard; name = Base; path = Base.lproj/LaunchScreen.storyboard; sourceTree = "<group>"; };
		0414699C2B2AF51900816902 /* Info.plist */ = {isa = PBXFileReference; lastKnownFileType = text.plist.xml; path = Info.plist; sourceTree = "<group>"; };
		041469A22B2B092C00816902 /* CourcesCollectionViewCell.swift */ = {isa = PBXFileReference; lastKnownFileType = sourcecode.swift; path = CourcesCollectionViewCell.swift; sourceTree = "<group>"; };
		041469A32B2B092C00816902 /* CourcesCollectionViewCell.xib */ = {isa = PBXFileReference; lastKnownFileType = file.xib; path = CourcesCollectionViewCell.xib; sourceTree = "<group>"; };
		041469A62B2B0FEA00816902 /* Cources.swift */ = {isa = PBXFileReference; lastKnownFileType = sourcecode.swift; path = Cources.swift; sourceTree = "<group>"; };
		04BF45F42B2B22DF00114A3E /* CourcesDetailViewController.swift */ = {isa = PBXFileReference; lastKnownFileType = sourcecode.swift; path = CourcesDetailViewController.swift; sourceTree = "<group>"; };
		04BF45F62B2C3C3400114A3E /* PlacementsTableViewCell.swift */ = {isa = PBXFileReference; lastKnownFileType = sourcecode.swift; path = PlacementsTableViewCell.swift; sourceTree = "<group>"; };
		04BF45F72B2C3C3400114A3E /* PlacementsTableViewCell.xib */ = {isa = PBXFileReference; lastKnownFileType = file.xib; path = PlacementsTableViewCell.xib; sourceTree = "<group>"; };
/* End PBXFileReference section */

/* Begin PBXFrameworksBuildPhase section */
		041469882B2AF51600816902 /* Frameworks */ = {
			isa = PBXFrameworksBuildPhase;
			buildActionMask = 2147483647;
			files = (
			);
			runOnlyForDeploymentPostprocessing = 0;
		};
/* End PBXFrameworksBuildPhase section */

/* Begin PBXGroup section */
		041469822B2AF51600816902 = {
			isa = PBXGroup;
			children = (
				0414698D2B2AF51600816902 /* TabbarWithThreeTabs */,
				0414698C2B2AF51600816902 /* Products */,
			);
			sourceTree = "<group>";
		};
		0414698C2B2AF51600816902 /* Products */ = {
			isa = PBXGroup;
			children = (
				0414698B2B2AF51600816902 /* TabbarWithThreeTabs.app */,
			);
			name = Products;
			sourceTree = "<group>";
		};
		0414698D2B2AF51600816902 /* TabbarWithThreeTabs */ = {
			isa = PBXGroup;
			children = (
				04BF45F62B2C3C3400114A3E /* PlacementsTableViewCell.swift */,
				0414698E2B2AF51600816902 /* AppDelegate.swift */,
				04BF45F72B2C3C3400114A3E /* PlacementsTableViewCell.xib */,
				04BF45F42B2B22DF00114A3E /* CourcesDetailViewController.swift */,
				041469902B2AF51600816902 /* SceneDelegate.swift */,
				041469922B2AF51600816902 /* PlacementsViewController.swift */,
				041469942B2AF51600816902 /* Main.storyboard */,
				041469972B2AF51900816902 /* Assets.xcassets */,
				041469992B2AF51900816902 /* LaunchScreen.storyboard */,
				0414699C2B2AF51900816902 /* Info.plist */,
				041469A22B2B092C00816902 /* CourcesCollectionViewCell.swift */,
				041469A32B2B092C00816902 /* CourcesCollectionViewCell.xib */,
				041469A62B2B0FEA00816902 /* Cources.swift */,
			);
			path = TabbarWithThreeTabs;
			sourceTree = "<group>";
		};
/* End PBXGroup section */

/* Begin PBXNativeTarget section */
		0414698A2B2AF51600816902 /* TabbarWithThreeTabs */ = {
			isa = PBXNativeTarget;
			buildConfigurationList = 0414699F2B2AF51900816902 /* Build configuration list for PBXNativeTarget "TabbarWithThreeTabs" */;
			buildPhases = (
				041469872B2AF51600816902 /* Sources */,
				041469882B2AF51600816902 /* Frameworks */,
				041469892B2AF51600816902 /* Resources */,
			);
			buildRules = (
			);
			dependencies = (
			);
			name = TabbarWithThreeTabs;
			productName = TabbarWithThreeTabs;
			productReference = 0414698B2B2AF51600816902 /* TabbarWithThreeTabs.app */;
			productType = "com.apple.product-type.application";
		};
/* End PBXNativeTarget section */

/* Begin PBXProject section */
		041469832B2AF51600816902 /* Project object */ = {
			isa = PBXProject;
			attributes = {
				BuildIndependentTargetsInParallel = 1;
				LastSwiftUpdateCheck = 1340;
				LastUpgradeCheck = 1340;
				TargetAttributes = {
					0414698A2B2AF51600816902 = {
						CreatedOnToolsVersion = 13.4.1;
					};
				};
			};
			buildConfigurationList = 041469862B2AF51600816902 /* Build configuration list for PBXProject "TabbarWithThreeTabs" */;
			compatibilityVersion = "Xcode 13.0";
			developmentRegion = en;
			hasScannedForEncodings = 0;
			knownRegions = (
				en,
				Base,
			);
			mainGroup = 041469822B2AF51600816902;
			productRefGroup = 0414698C2B2AF51600816902 /* Products */;
			projectDirPath = "";
			projectRoot = "";
			targets = (
				0414698A2B2AF51600816902 /* TabbarWithThreeTabs */,
			);
		};
/* End PBXProject section */

/* Begin PBXResourcesBuildPhase section */
		041469892B2AF51600816902 /* Resources */ = {
			isa = PBXResourcesBuildPhase;
			buildActionMask = 2147483647;
			files = (
				0414699B2B2AF51900816902 /* LaunchScreen.storyboard in Resources */,
				04BF45F92B2C3C3400114A3E /* PlacementsTableViewCell.xib in Resources */,
				041469A52B2B092C00816902 /* CourcesCollectionViewCell.xib in Resources */,
				041469982B2AF51900816902 /* Assets.xcassets in Resources */,
				041469962B2AF51600816902 /* Main.storyboard in Resources */,
			);
			runOnlyForDeploymentPostprocessing = 0;
		};
/* End PBXResourcesBuildPhase section */

/* Begin PBXSourcesBuildPhase section */
		041469872B2AF51600816902 /* Sources */ = {
			isa = PBXSourcesBuildPhase;
			buildActionMask = 2147483647;
			files = (
				04BF45F82B2C3C3400114A3E /* PlacementsTableViewCell.swift in Sources */,
				04BF45F52B2B22DF00114A3E /* CourcesDetailViewController.swift in Sources */,
				041469932B2AF51600816902 /* PlacementsViewController.swift in Sources */,
				041469A42B2B092C00816902 /* CourcesCollectionViewCell.swift in Sources */,
				0414698F2B2AF51600816902 /* AppDelegate.swift in Sources */,
				041469A72B2B0FEA00816902 /* Cources.swift in Sources */,
				041469912B2AF51600816902 /* SceneDelegate.swift in Sources */,
			);
			runOnlyForDeploymentPostprocessing = 0;
		};
/* End PBXSourcesBuildPhase section */

/* Begin PBXVariantGroup section */
		041469942B2AF51600816902 /* Main.storyboard */ = {
			isa = PBXVariantGroup;
			children = (
				041469952B2AF51600816902 /* Base */,
			);
			name = Main.storyboard;
			sourceTree = "<group>";
		};
		041469992B2AF51900816902 /* LaunchScreen.storyboard */ = {
			isa = PBXVariantGroup;
			children = (
				0414699A2B2AF51900816902 /* Base */,
			);
			name = LaunchScreen.storyboard;
			sourceTree = "<group>";
		};
/* End PBXVariantGroup section */

/* Begin XCBuildConfiguration section */
		0414699D2B2AF51900816902 /* Debug */ = {
			isa = XCBuildConfiguration;
			buildSettings = {
				ALWAYS_SEARCH_USER_PATHS = NO;
				CLANG_ANALYZER_NONNULL = YES;
				CLANG_ANALYZER_NUMBER_OBJECT_CONVERSION = YES_AGGRESSIVE;
				CLANG_CXX_LANGUAGE_STANDARD = "gnu++17";
				CLANG_ENABLE_MODULES = YES;
				CLANG_ENABLE_OBJC_ARC = YES;
				CLANG_ENABLE_OBJC_WEAK = YES;
				CLANG_WARN_BLOCK_CAPTURE_AUTORELEASING = YES;
				CLANG_WARN_BOOL_CONVERSION = YES;
				CLANG_WARN_COMMA = YES;
				CLANG_WARN_CONSTANT_CONVERSION = YES;
				CLANG_WARN_DEPRECATED_OBJC_IMPLEMENTATIONS = YES;
				CLANG_WARN_DIRECT_OBJC_ISA_USAGE = YES_ERROR;
				CLANG_WARN_DOCUMENTATION_COMMENTS = YES;
				CLANG_WARN_EMPTY_BODY = YES;
				CLANG_WARN_ENUM_CONVERSION = YES;
				CLANG_WARN_INFINITE_RECURSION = YES;
				CLANG_WARN_INT_CONVERSION = YES;
				CLANG_WARN_NON_LITERAL_NULL_CONVERSION = YES;
				CLANG_WARN_OBJC_IMPLICIT_RETAIN_SELF = YES;
				CLANG_WARN_OBJC_LITERAL_CONVERSION = YES;
				CLANG_WARN_OBJC_ROOT_CLASS = YES_ERROR;
				CLANG_WARN_QUOTED_INCLUDE_IN_FRAMEWORK_HEADER = YES;
				CLANG_WARN_RANGE_LOOP_ANALYSIS = YES;
				CLANG_WARN_STRICT_PROTOTYPES = YES;
				CLANG_WARN_SUSPICIOUS_MOVE = YES;
				CLANG_WARN_UNGUARDED_AVAILABILITY = YES_AGGRESSIVE;
				CLANG_WARN_UNREACHABLE_CODE = YES;
				CLANG_WARN__DUPLICATE_METHOD_MATCH = YES;
				COPY_PHASE_STRIP = NO;
				DEBUG_INFORMATION_FORMAT = dwarf;
				ENABLE_STRICT_OBJC_MSGSEND = YES;
				ENABLE_TESTABILITY = YES;
				GCC_C_LANGUAGE_STANDARD = gnu11;
				GCC_DYNAMIC_NO_PIC = NO;
				GCC_NO_COMMON_BLOCKS = YES;
				GCC_OPTIMIZATION_LEVEL = 0;
				GCC_PREPROCESSOR_DEFINITIONS = (
					"DEBUG=1",
					"$(inherited)",
				);
				GCC_WARN_64_TO_32_BIT_CONVERSION = YES;
				GCC_WARN_ABOUT_RETURN_TYPE = YES_ERROR;
				GCC_WARN_UNDECLARED_SELECTOR = YES;
				GCC_WARN_UNINITIALIZED_AUTOS = YES_AGGRESSIVE;
				GCC_WARN_UNUSED_FUNCTION = YES;
				GCC_WARN_UNUSED_VARIABLE = YES;
				IPHONEOS_DEPLOYMENT_TARGET = 15.5;
				MTL_ENABLE_DEBUG_INFO = INCLUDE_SOURCE;
				MTL_FAST_MATH = YES;
				ONLY_ACTIVE_ARCH = YES;
				SDKROOT = iphoneos;
				SWIFT_ACTIVE_COMPILATION_CONDITIONS = DEBUG;
				SWIFT_OPTIMIZATION_LEVEL = "-Onone";
			};
			name = Debug;
		};
		0414699E2B2AF51900816902 /* Release */ = {
			isa = XCBuildConfiguration;
			buildSettings = {
				ALWAYS_SEARCH_USER_PATHS = NO;
				CLANG_ANALYZER_NONNULL = YES;
				CLANG_ANALYZER_NUMBER_OBJECT_CONVERSION = YES_AGGRESSIVE;
				CLANG_CXX_LANGUAGE_STANDARD = "gnu++17";
				CLANG_ENABLE_MODULES = YES;
				CLANG_ENABLE_OBJC_ARC = YES;
				CLANG_ENABLE_OBJC_WEAK = YES;
				CLANG_WARN_BLOCK_CAPTURE_AUTORELEASING = YES;
				CLANG_WARN_BOOL_CONVERSION = YES;
				CLANG_WARN_COMMA = YES;
				CLANG_WARN_CONSTANT_CONVERSION = YES;
				CLANG_WARN_DEPRECATED_OBJC_IMPLEMENTATIONS = YES;
				CLANG_WARN_DIRECT_OBJC_ISA_USAGE = YES_ERROR;
				CLANG_WARN_DOCUMENTATION_COMMENTS = YES;
				CLANG_WARN_EMPTY_BODY = YES;
				CLANG_WARN_ENUM_CONVERSION = YES;
				CLANG_WARN_INFINITE_RECURSION = YES;
				CLANG_WARN_INT_CONVERSION = YES;
				CLANG_WARN_NON_LITERAL_NULL_CONVERSION = YES;
				CLANG_WARN_OBJC_IMPLICIT_RETAIN_SELF = YES;
				CLANG_WARN_OBJC_LITERAL_CONVERSION = YES;
				CLANG_WARN_OBJC_ROOT_CLASS = YES_ERROR;
				CLANG_WARN_QUOTED_INCLUDE_IN_FRAMEWORK_HEADER = YES;
				CLANG_WARN_RANGE_LOOP_ANALYSIS = YES;
				CLANG_WARN_STRICT_PROTOTYPES = YES;
				CLANG_WARN_SUSPICIOUS_MOVE = YES;
				CLANG_WARN_UNGUARDED_AVAILABILITY = YES_AGGRESSIVE;
				CLANG_WARN_UNREACHABLE_CODE = YES;
				CLANG_WARN__DUPLICATE_METHOD_MATCH = YES;
				COPY_PHASE_STRIP = NO;
				DEBUG_INFORMATION_FORMAT = "dwarf-with-dsym";
				ENABLE_NS_ASSERTIONS = NO;
				ENABLE_STRICT_OBJC_MSGSEND = YES;
				GCC_C_LANGUAGE_STANDARD = gnu11;
				GCC_NO_COMMON_BLOCKS = YES;
				GCC_WARN_64_TO_32_BIT_CONVERSION = YES;
				GCC_WARN_ABOUT_RETURN_TYPE = YES_ERROR;
				GCC_WARN_UNDECLARED_SELECTOR = YES;
				GCC_WARN_UNINITIALIZED_AUTOS = YES_AGGRESSIVE;
				GCC_WARN_UNUSED_FUNCTION = YES;
				GCC_WARN_UNUSED_VARIABLE = YES;
				IPHONEOS_DEPLOYMENT_TARGET = 15.5;
				MTL_ENABLE_DEBUG_INFO = NO;
				MTL_FAST_MATH = YES;
				SDKROOT = iphoneos;
				SWIFT_COMPILATION_MODE = wholemodule;
				SWIFT_OPTIMIZATION_LEVEL = "-O";
				VALIDATE_PRODUCT = YES;
			};
			name = Release;
		};
		041469A02B2AF51900816902 /* Debug */ = {
			isa = XCBuildConfiguration;
			buildSettings = {
				ASSETCATALOG_COMPILER_APPICON_NAME = AppIcon;
				ASSETCATALOG_COMPILER_GLOBAL_ACCENT_COLOR_NAME = AccentColor;
				CODE_SIGN_STYLE = Automatic;
				CURRENT_PROJECT_VERSION = 1;
				GENERATE_INFOPLIST_FILE = YES;
				INFOPLIST_FILE = TabbarWithThreeTabs/Info.plist;
				INFOPLIST_KEY_UIApplicationSupportsIndirectInputEvents = YES;
				INFOPLIST_KEY_UILaunchStoryboardName = LaunchScreen;
				INFOPLIST_KEY_UIMainStoryboardFile = Main;
				INFOPLIST_KEY_UISupportedInterfaceOrientations_iPad = "UIInterfaceOrientationPortrait UIInterfaceOrientationPortraitUpsideDown UIInterfaceOrientationLandscapeLeft UIInterfaceOrientationLandscapeRight";
				INFOPLIST_KEY_UISupportedInterfaceOrientations_iPhone = "UIInterfaceOrientationPortrait UIInterfaceOrientationLandscapeLeft UIInterfaceOrientationLandscapeRight";
				LD_RUNPATH_SEARCH_PATHS = (
					"$(inherited)",
					"@executable_path/Frameworks",
				);
				MARKETING_VERSION = 1.0;
				PRODUCT_BUNDLE_IDENTIFIER = in.bitcode.TabbarWithThreeTabs;
				PRODUCT_NAME = "$(TARGET_NAME)";
				SWIFT_EMIT_LOC_STRINGS = YES;
				SWIFT_VERSION = 5.0;
				TARGETED_DEVICE_FAMILY = "1,2";
			};
			name = Debug;
		};
		041469A12B2AF51900816902 /* Release */ = {
			isa = XCBuildConfiguration;
			buildSettings = {
				ASSETCATALOG_COMPILER_APPICON_NAME = AppIcon;
				ASSETCATALOG_COMPILER_GLOBAL_ACCENT_COLOR_NAME = AccentColor;
				CODE_SIGN_STYLE = Automatic;
				CURRENT_PROJECT_VERSION = 1;
				GENERATE_INFOPLIST_FILE = YES;
				INFOPLIST_FILE = TabbarWithThreeTabs/Info.plist;
				INFOPLIST_KEY_UIApplicationSupportsIndirectInputEvents = YES;
				INFOPLIST_KEY_UILaunchStoryboardName = LaunchScreen;
				INFOPLIST_KEY_UIMainStoryboardFile = Main;
				INFOPLIST_KEY_UISupportedInterfaceOrientations_iPad = "UIInterfaceOrientationPortrait UIInterfaceOrientationPortraitUpsideDown UIInterfaceOrientationLandscapeLeft UIInterfaceOrientationLandscapeRight";
				INFOPLIST_KEY_UISupportedInterfaceOrientations_iPhone = "UIInterfaceOrientationPortrait UIInterfaceOrientationLandscapeLeft UIInterfaceOrientationLandscapeRight";
				LD_RUNPATH_SEARCH_PATHS = (
					"$(inherited)",
					"@executable_path/Frameworks",
				);
				MARKETING_VERSION = 1.0;
				PRODUCT_BUNDLE_IDENTIFIER = in.bitcode.TabbarWithThreeTabs;
				PRODUCT_NAME = "$(TARGET_NAME)";
				SWIFT_EMIT_LOC_STRINGS = YES;
				SWIFT_VERSION = 5.0;
				TARGETED_DEVICE_FAMILY = "1,2";
			};
			name = Release;
		};
/* End XCBuildConfiguration section */

/* Begin XCConfigurationList section */
		041469862B2AF51600816902 /* Build configuration list for PBXProject "TabbarWithThreeTabs" */ = {
			isa = XCConfigurationList;
			buildConfigurations = (
				0414699D2B2AF51900816902 /* Debug */,
				0414699E2B2AF51900816902 /* Release */,
			);
			defaultConfigurationIsVisible = 0;
			defaultConfigurationName = Release;
		};
		0414699F2B2AF51900816902 /* Build configuration list for PBXNativeTarget "TabbarWithThreeTabs" */ = {
			isa = XCConfigurationList;
			buildConfigurations = (
				041469A02B2AF51900816902 /* Debug */,
				041469A12B2AF51900816902 /* Release */,
			);
			defaultConfigurationIsVisible = 0;
			defaultConfigurationName = Release;
		};
/* End XCConfigurationList section */
	};
	rootObject = 041469832B2AF51600816902 /* Project object */;
}
